
Microsoft Visual Studio Solution File, Format Version 12.00
Project("{FAE04EC0-301F-11D3-BF4B-00C04F79EFBC}") = "Cultiv.Hangfire", "Cultiv.Hangfire\Cultiv.Hangfire.csproj", "{46D8A243-C9A3-4A72-B1B1-9087D7F862DD}"
EndProject
Global
	GlobalSection(SolutionConfigurationPlatforms) = preSolution
		Debug|Any CPU = Debug|Any CPU
		Release|Any CPU = Release|Any CPU
	EndGlobalSection
	GlobalSection(ProjectConfigurationPlatforms) = postSolution
		{46D8A243-C9A3-4A72-B1B1-9087D7F862DD}.Debug|Any CPU.ActiveCfg = Debug|Any CPU
		{46D8A243-C9A3-4A72-B1B1-9087D7F862DD}.Debug|Any CPU.Build.0 = Debug|Any CPU
		{46D8A243-C9A3-4A72-B1B1-9087D7F862DD}.Release|Any CPU.ActiveCfg = Release|Any CPU
		{46D8A243-C9A3-4A72-B1B1-9087D7F862DD}.Release|Any CPU.Build.0 = Release|Any CPU
	EndGlobalSection
EndGlobal
