
Microsoft Visual Studio Solution File, Format Version 12.00
# Visual Studio Version 17
VisualStudioVersion = 17.0.31903.59
MinimumVisualStudioVersion = 10.0.40219.1
Project("{FAE04EC0-301F-11D3-BF4B-00C04F79EFBC}") = "Cultiv.Hangfire.Web", "Cultiv.Hangfire.Web\Cultiv.Hangfire.Web.csproj", "{1D4DD83B-C817-460A-95F8-24B42C8D1E5A}"
EndProject
Project("{FAE04EC0-301F-11D3-BF4B-00C04F79EFBC}") = "Cultiv.Hangfire", "Cultiv.Hangfire\Cultiv.Hangfire.csproj", "{9B5E7375-A387-49E3-BBBD-8B42565A926F}"
EndProject
Global
	GlobalSection(SolutionConfigurationPlatforms) = preSolution
		Debug|Any CPU = Debug|Any CPU
		Release|Any CPU = Release|Any CPU
	EndGlobalSection
	GlobalSection(SolutionProperties) = preSolution
		HideSolutionNode = FALSE
	EndGlobalSection
	GlobalSection(ProjectConfigurationPlatforms) = postSolution
		{1D4DD83B-C817-460A-95F8-24B42C8D1E5A}.Debug|Any CPU.ActiveCfg = Debug|Any CPU
		{1D4DD83B-C817-460A-95F8-24B42C8D1E5A}.Debug|Any CPU.Build.0 = Debug|Any CPU
		{1D4DD83B-C817-460A-95F8-24B42C8D1E5A}.Release|Any CPU.ActiveCfg = Release|Any CPU
		{1D4DD83B-C817-460A-95F8-24B42C8D1E5A}.Release|Any CPU.Build.0 = Release|Any CPU
		{9B5E7375-A387-49E3-BBBD-8B42565A926F}.Debug|Any CPU.ActiveCfg = Debug|Any CPU
		{9B5E7375-A387-49E3-BBBD-8B42565A926F}.Debug|Any CPU.Build.0 = Debug|Any CPU
		{9B5E7375-A387-49E3-BBBD-8B42565A926F}.Release|Any CPU.ActiveCfg = Release|Any CPU
		{9B5E7375-A387-49E3-BBBD-8B42565A926F}.Release|Any CPU.Build.0 = Release|Any CPU
	EndGlobalSection
EndGlobal
